{
  "name": "stencil-boilerplate",
  "version": "0.0.1",
  "lockfileVersion": 1,
  "requires": true,
  "dependencies": {
    "@stencil/core": {
      "version": "1.17.2",
      "resolved": "https://registry.npmjs.org/@stencil/core/-/core-1.17.2.tgz",
      "integrity": "sha512-jNEpBxoQFk6J1kSmm84AL/qgN0hySmKN5FZ0Pr16RAZU2TwKRLE1W2V8GcJXOFqd3yDVV+/4Fmyl1DD74/zbiQ==",
      "dev": true,
      "requires": {
        "typescript": "3.9.7"
      }
    },
    "typescript": {
      "version": "3.9.7",
      "resolved": "https://registry.npmjs.org/typescript/-/typescript-3.9.7.tgz",
      "integrity": "sha512-BLbiRkiBzAwsjut4x/dsibSTB6yWpwT5qWmC2OfuCg3GgVQCSgMs4vEctYPhsaGtd0AeuuHMkjZ2h2WG8MSzRw==",
      "dev": true
    }
  }
}
